
Microsoft Visual Studio Solution File, Format Version 12.00
# Visual Studio Version 17
VisualStudioVersion = 17.2.32616.157
MinimumVisualStudioVersion = 10.0.40219.1
Project("{FAE04EC0-301F-11D3-BF4B-00C04F79EFBC}") = "tarefa3003", "tarefa3003\tarefa3003.csproj", "{00141707-E9DA-441D-89A7-4EDB62785239}"
EndProject
Global
	GlobalSection(SolutionConfigurationPlatforms) = preSolution
		Debug|Any CPU = Debug|Any CPU
		Release|Any CPU = Release|Any CPU
	EndGlobalSection
	GlobalSection(ProjectConfigurationPlatforms) = postSolution
		{00141707-E9DA-441D-89A7-4EDB62785239}.Debug|Any CPU.ActiveCfg = Debug|Any CPU
		{00141707-E9DA-441D-89A7-4EDB62785239}.Debug|Any CPU.Build.0 = Debug|Any CPU
		{00141707-E9DA-441D-89A7-4EDB62785239}.Release|Any CPU.ActiveCfg = Release|Any CPU
		{00141707-E9DA-441D-89A7-4EDB62785239}.Release|Any CPU.Build.0 = Release|Any CPU
	EndGlobalSection
	GlobalSection(SolutionProperties) = preSolution
		HideSolutionNode = FALSE
	EndGlobalSection
	GlobalSection(ExtensibilityGlobals) = postSolution
		SolutionGuid = {094E917C-D6AE-4075-86CA-A833DEA41DDD}
	EndGlobalSection
EndGlobal
